
Microsoft Visual Studio Solution File, Format Version 12.00
# Visual Studio Version 16
VisualStudioVersion = 16.0.31702.278
MinimumVisualStudioVersion = 10.0.40219.1
Project("{FAE04EC0-301F-11D3-BF4B-00C04F79EFBC}") = "PracticaFinal", "PracticaFinal\PracticaFinal.csproj", "{D26E5857-6D2E-4360-B851-1C9E6A984712}"
EndProject
Project("{FAE04EC0-301F-11D3-BF4B-00C04F79EFBC}") = "PracticaFinal.Models", "PracticaFinal.Model\PracticaFinal.Models.csproj", "{B32AE709-460E-414E-A71F-52D4B3D29FB6}"
EndProject
Project("{FAE04EC0-301F-11D3-BF4B-00C04F79EFBC}") = "PracticaFinal.Repository", "PracticaFinal.Repository\PracticaFinal.Repository.csproj", "{A049BBB9-8EBD-4E4F-BE79-48C423540E7D}"
EndProject
Global
	GlobalSection(SolutionConfigurationPlatforms) = preSolution
		Debug|Any CPU = Debug|Any CPU
		Release|Any CPU = Release|Any CPU
	EndGlobalSection
	GlobalSection(ProjectConfigurationPlatforms) = postSolution
		{D26E5857-6D2E-4360-B851-1C9E6A984712}.Debug|Any CPU.ActiveCfg = Debug|Any CPU
		{D26E5857-6D2E-4360-B851-1C9E6A984712}.Debug|Any CPU.Build.0 = Debug|Any CPU
		{D26E5857-6D2E-4360-B851-1C9E6A984712}.Release|Any CPU.ActiveCfg = Release|Any CPU
		{D26E5857-6D2E-4360-B851-1C9E6A984712}.Release|Any CPU.Build.0 = Release|Any CPU
		{B32AE709-460E-414E-A71F-52D4B3D29FB6}.Debug|Any CPU.ActiveCfg = Debug|Any CPU
		{B32AE709-460E-414E-A71F-52D4B3D29FB6}.Debug|Any CPU.Build.0 = Debug|Any CPU
		{B32AE709-460E-414E-A71F-52D4B3D29FB6}.Release|Any CPU.ActiveCfg = Release|Any CPU
		{B32AE709-460E-414E-A71F-52D4B3D29FB6}.Release|Any CPU.Build.0 = Release|Any CPU
		{A049BBB9-8EBD-4E4F-BE79-48C423540E7D}.Debug|Any CPU.ActiveCfg = Debug|Any CPU
		{A049BBB9-8EBD-4E4F-BE79-48C423540E7D}.Debug|Any CPU.Build.0 = Debug|Any CPU
		{A049BBB9-8EBD-4E4F-BE79-48C423540E7D}.Release|Any CPU.ActiveCfg = Release|Any CPU
		{A049BBB9-8EBD-4E4F-BE79-48C423540E7D}.Release|Any CPU.Build.0 = Release|Any CPU
	EndGlobalSection
	GlobalSection(SolutionProperties) = preSolution
		HideSolutionNode = FALSE
	EndGlobalSection
	GlobalSection(ExtensibilityGlobals) = postSolution
		SolutionGuid = {AE705595-792B-4CAA-84AC-62931E5E8401}
	EndGlobalSection
EndGlobal
